
Microsoft Visual Studio Solution File, Format Version 12.00
# Visual Studio Version 16
VisualStudioVersion = 16.0.31112.23
MinimumVisualStudioVersion = 10.0.40219.1
Project("{FAE04EC0-301F-11D3-BF4B-00C04F79EFBC}") = "SendenUndEmpfangen", "SendenUndEmpfangen\SendenUndEmpfangen.csproj", "{7C66DD4C-2394-4E48-A355-20468F6394B4}"
EndProject
Global
	GlobalSection(SolutionConfigurationPlatforms) = preSolution
		Debug|Any CPU = Debug|Any CPU
		Release|Any CPU = Release|Any CPU
	EndGlobalSection
	GlobalSection(ProjectConfigurationPlatforms) = postSolution
		{7C66DD4C-2394-4E48-A355-20468F6394B4}.Debug|Any CPU.ActiveCfg = Debug|Any CPU
		{7C66DD4C-2394-4E48-A355-20468F6394B4}.Debug|Any CPU.Build.0 = Debug|Any CPU
		{7C66DD4C-2394-4E48-A355-20468F6394B4}.Release|Any CPU.ActiveCfg = Release|Any CPU
		{7C66DD4C-2394-4E48-A355-20468F6394B4}.Release|Any CPU.Build.0 = Release|Any CPU
	EndGlobalSection
	GlobalSection(SolutionProperties) = preSolution
		HideSolutionNode = FALSE
	EndGlobalSection
	GlobalSection(ExtensibilityGlobals) = postSolution
		SolutionGuid = {4E2924FA-1ECC-4ECA-9F5C-5E20A4E3E9E5}
	EndGlobalSection
EndGlobal
